// !$*UTF8*$!
{
	archiveVersion = 1;
	classes = {
	};
	objectVersion = 56;
	objects = {

/* Begin PBXBuildFile section */
		E661A08F29B9FE6700C14423 /* AboutView.swift in Sources */ = {isa = PBXBuildFile; fileRef = E661A08E29B9FE6700C14423 /* AboutView.swift */; };
		E661A09129B9FEB900C14423 /* Container.swift in Sources */ = {isa = PBXBuildFile; fileRef = E661A09029B9FEB900C14423 /* Container.swift */; };
		E68FBCD029B9772E00BA2328 /* unitedwallsApp.swift in Sources */ = {isa = PBXBuildFile; fileRef = E68FBCCF29B9772E00BA2328 /* unitedwallsApp.swift */; };
		E68FBCD229B9772E00BA2328 /* ContentView.swift in Sources */ = {isa = PBXBuildFile; fileRef = E68FBCD129B9772E00BA2328 /* ContentView.swift */; };
		E68FBCD429B9772F00BA2328 /* Assets.xcassets in Resources */ = {isa = PBXBuildFile; fileRef = E68FBCD329B9772F00BA2328 /* Assets.xcassets */; };
		E68FBCD729B9772F00BA2328 /* Preview Assets.xcassets in Resources */ = {isa = PBXBuildFile; fileRef = E68FBCD629B9772F00BA2328 /* Preview Assets.xcassets */; };
		E68FBCDF29B9788200BA2328 /* Wall.swift in Sources */ = {isa = PBXBuildFile; fileRef = E68FBCDE29B9788200BA2328 /* Wall.swift */; };
		E68FBCE229B978A200BA2328 /* Category.swift in Sources */ = {isa = PBXBuildFile; fileRef = E68FBCE129B978A200BA2328 /* Category.swift */; };
		E68FBCE529B978C800BA2328 /* Constants.swift in Sources */ = {isa = PBXBuildFile; fileRef = E68FBCE429B978C800BA2328 /* Constants.swift */; };
		E68FBCEC29B9797D00BA2328 /* billiondreams.ttf in Resources */ = {isa = PBXBuildFile; fileRef = E68FBCEB29B9797D00BA2328 /* billiondreams.ttf */; };
		E68FBCF029B97B0700BA2328 /* Color.swift in Sources */ = {isa = PBXBuildFile; fileRef = E68FBCEF29B97B0700BA2328 /* Color.swift */; };
		E68FBCF229B97B1B00BA2328 /* UIScreen.swift in Sources */ = {isa = PBXBuildFile; fileRef = E68FBCF129B97B1B00BA2328 /* UIScreen.swift */; };
		E68FBCF529B97B4D00BA2328 /* ApiManager.swift in Sources */ = {isa = PBXBuildFile; fileRef = E68FBCF429B97B4D00BA2328 /* ApiManager.swift */; };
		E68FBCF729B97C6100BA2328 /* ContentViewViewModel.swift in Sources */ = {isa = PBXBuildFile; fileRef = E68FBCF629B97C6100BA2328 /* ContentViewViewModel.swift */; };
		E68FBCFA29B97D0D00BA2328 /* Drawer.swift in Sources */ = {isa = PBXBuildFile; fileRef = E68FBCF929B97D0D00BA2328 /* Drawer.swift */; };
		E68FBCFC29B97F3D00BA2328 /* Topbar.swift in Sources */ = {isa = PBXBuildFile; fileRef = E68FBCFB29B97F3D00BA2328 /* Topbar.swift */; };
		E68FBD0029B9818100BA2328 /* HomeView.swift in Sources */ = {isa = PBXBuildFile; fileRef = E68FBCFF29B9818100BA2328 /* HomeView.swift */; };
		E68FBD0329B983C500BA2328 /* SDWebImageSwiftUI in Frameworks */ = {isa = PBXBuildFile; productRef = E68FBD0229B983C500BA2328 /* SDWebImageSwiftUI */; };
		E68FBD0629B987D800BA2328 /* WallScreenView.swift in Sources */ = {isa = PBXBuildFile; fileRef = E68FBD0529B987D800BA2328 /* WallScreenView.swift */; };
		E6923E9229BB65D400EE7B8E /* View.swift in Sources */ = {isa = PBXBuildFile; fileRef = E6923E9129BB65D400EE7B8E /* View.swift */; };
		E6923E9929BC424F00EE7B8E /* PhotoManager.swift in Sources */ = {isa = PBXBuildFile; fileRef = E6923E9829BC424F00EE7B8E /* PhotoManager.swift */; };
		E6923E9B29BC4AD400EE7B8E /* ShareSheet.swift in Sources */ = {isa = PBXBuildFile; fileRef = E6923E9A29BC4AD400EE7B8E /* ShareSheet.swift */; };
		E6923EA129BCA84300EE7B8E /* UIImage.swift in Sources */ = {isa = PBXBuildFile; fileRef = E6923EA029BCA84300EE7B8E /* UIImage.swift */; };
		E6923EA429BF513D00EE7B8E /* FavouriteWallsStore.swift in Sources */ = {isa = PBXBuildFile; fileRef = E6923EA329BF513D00EE7B8E /* FavouriteWallsStore.swift */; };
		E6923EA729BF5F2100EE7B8E /* FavouriteWallsView.swift in Sources */ = {isa = PBXBuildFile; fileRef = E6923EA629BF5F2100EE7B8E /* FavouriteWallsView.swift */; };
		E6923EA929BFAE0C00EE7B8E /* FavouriteWallScreenView.swift in Sources */ = {isa = PBXBuildFile; fileRef = E6923EA829BFAE0C00EE7B8E /* FavouriteWallScreenView.swift */; };
		E6923EAC29BFBEFE00EE7B8E /* CategoriesView.swift in Sources */ = {isa = PBXBuildFile; fileRef = E6923EAB29BFBEFE00EE7B8E /* CategoriesView.swift */; };
		E6923EAF29BFCCC600EE7B8E /* CategoryView.swift in Sources */ = {isa = PBXBuildFile; fileRef = E6923EAE29BFCCC600EE7B8E /* CategoryView.swift */; };
		E6923EB129BFD19200EE7B8E /* CategoryWallScreenView.swift in Sources */ = {isa = PBXBuildFile; fileRef = E6923EB029BFD19200EE7B8E /* CategoryWallScreenView.swift */; };
		E6923EB329C0728300EE7B8E /* PinchToZoom.swift in Sources */ = {isa = PBXBuildFile; fileRef = E6923EB229C0728300EE7B8E /* PinchToZoom.swift */; };
		E6FD20D229C1E0F70058A008 /* GoogleMobileAds in Frameworks */ = {isa = PBXBuildFile; productRef = E6FD20D129C1E0F70058A008 /* GoogleMobileAds */; };
		E6FD20DD29C1E7110058A008 /* SwiftUIBannerAd.swift in Sources */ = {isa = PBXBuildFile; fileRef = E6FD20DC29C1E7110058A008 /* SwiftUIBannerAd.swift */; };
/* End PBXBuildFile section */

/* Begin PBXCopyFilesBuildPhase section */
		E6FD20DA29C1E5CC0058A008 /* Embed Frameworks */ = {
			isa = PBXCopyFilesBuildPhase;
			buildActionMask = 2147483647;
			dstPath = "";
			dstSubfolderSpec = 10;
			files = (
			);
			name = "Embed Frameworks";
			runOnlyForDeploymentPostprocessing = 0;
		};
/* End PBXCopyFilesBuildPhase section */

/* Begin PBXFileReference section */
		E661A08E29B9FE6700C14423 /* AboutView.swift */ = {isa = PBXFileReference; lastKnownFileType = sourcecode.swift; path = AboutView.swift; sourceTree = "<group>"; };
		E661A09029B9FEB900C14423 /* Container.swift */ = {isa = PBXFileReference; lastKnownFileType = sourcecode.swift; path = Container.swift; sourceTree = "<group>"; };
		E68FBCCC29B9772E00BA2328 /* unitedwalls.app */ = {isa = PBXFileReference; explicitFileType = wrapper.application; includeInIndex = 0; path = unitedwalls.app; sourceTree = BUILT_PRODUCTS_DIR; };
		E68FBCCF29B9772E00BA2328 /* unitedwallsApp.swift */ = {isa = PBXFileReference; lastKnownFileType = sourcecode.swift; path = unitedwallsApp.swift; sourceTree = "<group>"; };
		E68FBCD129B9772E00BA2328 /* ContentView.swift */ = {isa = PBXFileReference; lastKnownFileType = sourcecode.swift; path = ContentView.swift; sourceTree = "<group>"; };
		E68FBCD329B9772F00BA2328 /* Assets.xcassets */ = {isa = PBXFileReference; lastKnownFileType = folder.assetcatalog; path = Assets.xcassets; sourceTree = "<group>"; };
		E68FBCD629B9772F00BA2328 /* Preview Assets.xcassets */ = {isa = PBXFileReference; lastKnownFileType = folder.assetcatalog; path = "Preview Assets.xcassets"; sourceTree = "<group>"; };
		E68FBCDE29B9788200BA2328 /* Wall.swift */ = {isa = PBXFileReference; lastKnownFileType = sourcecode.swift; path = Wall.swift; sourceTree = "<group>"; };
		E68FBCE129B978A200BA2328 /* Category.swift */ = {isa = PBXFileReference; lastKnownFileType = sourcecode.swift; path = Category.swift; sourceTree = "<group>"; };
		E68FBCE429B978C800BA2328 /* Constants.swift */ = {isa = PBXFileReference; lastKnownFileType = sourcecode.swift; path = Constants.swift; sourceTree = "<group>"; };
		E68FBCEB29B9797D00BA2328 /* billiondreams.ttf */ = {isa = PBXFileReference; lastKnownFileType = file; path = billiondreams.ttf; sourceTree = "<group>"; };
		E68FBCED29B979E900BA2328 /* Info.plist */ = {isa = PBXFileReference; lastKnownFileType = text.plist; path = Info.plist; sourceTree = "<group>"; };
		E68FBCEF29B97B0700BA2328 /* Color.swift */ = {isa = PBXFileReference; lastKnownFileType = sourcecode.swift; path = Color.swift; sourceTree = "<group>"; };
		E68FBCF129B97B1B00BA2328 /* UIScreen.swift */ = {isa = PBXFileReference; lastKnownFileType = sourcecode.swift; path = UIScreen.swift; sourceTree = "<group>"; };
		E68FBCF429B97B4D00BA2328 /* ApiManager.swift */ = {isa = PBXFileReference; lastKnownFileType = sourcecode.swift; path = ApiManager.swift; sourceTree = "<group>"; };
		E68FBCF629B97C6100BA2328 /* ContentViewViewModel.swift */ = {isa = PBXFileReference; lastKnownFileType = sourcecode.swift; path = ContentViewViewModel.swift; sourceTree = "<group>"; };
		E68FBCF929B97D0D00BA2328 /* Drawer.swift */ = {isa = PBXFileReference; lastKnownFileType = sourcecode.swift; path = Drawer.swift; sourceTree = "<group>"; };
		E68FBCFB29B97F3D00BA2328 /* Topbar.swift */ = {isa = PBXFileReference; lastKnownFileType = sourcecode.swift; path = Topbar.swift; sourceTree = "<group>"; };
		E68FBCFF29B9818100BA2328 /* HomeView.swift */ = {isa = PBXFileReference; lastKnownFileType = sourcecode.swift; path = HomeView.swift; sourceTree = "<group>"; };
		E68FBD0529B987D800BA2328 /* WallScreenView.swift */ = {isa = PBXFileReference; lastKnownFileType = sourcecode.swift; path = WallScreenView.swift; sourceTree = "<group>"; };
		E6923E9129BB65D400EE7B8E /* View.swift */ = {isa = PBXFileReference; lastKnownFileType = sourcecode.swift; path = View.swift; sourceTree = "<group>"; };
		E6923E9829BC424F00EE7B8E /* PhotoManager.swift */ = {isa = PBXFileReference; lastKnownFileType = sourcecode.swift; path = PhotoManager.swift; sourceTree = "<group>"; };
		E6923E9A29BC4AD400EE7B8E /* ShareSheet.swift */ = {isa = PBXFileReference; lastKnownFileType = sourcecode.swift; path = ShareSheet.swift; sourceTree = "<group>"; };
		E6923EA029BCA84300EE7B8E /* UIImage.swift */ = {isa = PBXFileReference; lastKnownFileType = sourcecode.swift; path = UIImage.swift; sourceTree = "<group>"; };
		E6923EA329BF513D00EE7B8E /* FavouriteWallsStore.swift */ = {isa = PBXFileReference; lastKnownFileType = sourcecode.swift; path = FavouriteWallsStore.swift; sourceTree = "<group>"; };
		E6923EA629BF5F2100EE7B8E /* FavouriteWallsView.swift */ = {isa = PBXFileReference; lastKnownFileType = sourcecode.swift; path = FavouriteWallsView.swift; sourceTree = "<group>"; };
		E6923EA829BFAE0C00EE7B8E /* FavouriteWallScreenView.swift */ = {isa = PBXFileReference; lastKnownFileType = sourcecode.swift; path = FavouriteWallScreenView.swift; sourceTree = "<group>"; };
		E6923EAB29BFBEFE00EE7B8E /* CategoriesView.swift */ = {isa = PBXFileReference; lastKnownFileType = sourcecode.swift; path = CategoriesView.swift; sourceTree = "<group>"; };
		E6923EAE29BFCCC600EE7B8E /* CategoryView.swift */ = {isa = PBXFileReference; lastKnownFileType = sourcecode.swift; path = CategoryView.swift; sourceTree = "<group>"; };
		E6923EB029BFD19200EE7B8E /* CategoryWallScreenView.swift */ = {isa = PBXFileReference; lastKnownFileType = sourcecode.swift; path = CategoryWallScreenView.swift; sourceTree = "<group>"; };
		E6923EB229C0728300EE7B8E /* PinchToZoom.swift */ = {isa = PBXFileReference; lastKnownFileType = sourcecode.swift; path = PinchToZoom.swift; sourceTree = "<group>"; };
		E6FD20DC29C1E7110058A008 /* SwiftUIBannerAd.swift */ = {isa = PBXFileReference; lastKnownFileType = sourcecode.swift; path = SwiftUIBannerAd.swift; sourceTree = "<group>"; };
/* End PBXFileReference section */

/* Begin PBXFrameworksBuildPhase section */
		E68FBCC929B9772E00BA2328 /* Frameworks */ = {
			isa = PBXFrameworksBuildPhase;
			buildActionMask = 2147483647;
			files = (
				E6FD20D229C1E0F70058A008 /* GoogleMobileAds in Frameworks */,
				E68FBD0329B983C500BA2328 /* SDWebImageSwiftUI in Frameworks */,
			);
			runOnlyForDeploymentPostprocessing = 0;
		};
/* End PBXFrameworksBuildPhase section */

/* Begin PBXGroup section */
		E661A08D29B9FE4700C14423 /* About */ = {
			isa = PBXGroup;
			children = (
				E661A08E29B9FE6700C14423 /* AboutView.swift */,
			);
			path = About;
			sourceTree = "<group>";
		};
		E68FBCC329B9772D00BA2328 = {
			isa = PBXGroup;
			children = (
				E68FBCCE29B9772E00BA2328 /* unitedwalls */,
				E68FBCCD29B9772E00BA2328 /* Products */,
			);
			sourceTree = "<group>";
		};
		E68FBCCD29B9772E00BA2328 /* Products */ = {
			isa = PBXGroup;
			children = (
				E68FBCCC29B9772E00BA2328 /* unitedwalls.app */,
			);
			name = Products;
			sourceTree = "<group>";
		};
		E68FBCCE29B9772E00BA2328 /* unitedwalls */ = {
			isa = PBXGroup;
			children = (
				E6FD20DB29C1E6E90058A008 /* AdvertisementViews */,
				E6923EA229BF512A00EE7B8E /* DataStore */,
				E68FBCFD29B9816300BA2328 /* Screens */,
				E68FBCF829B97CF200BA2328 /* Components */,
				E68FBCF329B97B3F00BA2328 /* Managers */,
				E68FBCEE29B97AE900BA2328 /* Extensions */,
				E68FBCED29B979E900BA2328 /* Info.plist */,
				E68FBCEA29B9796400BA2328 /* Fonts */,
				E68FBCE329B978B800BA2328 /* Utilities */,
				E68FBCDD29B9787200BA2328 /* Models */,
				E68FBCCF29B9772E00BA2328 /* unitedwallsApp.swift */,
				E68FBCD129B9772E00BA2328 /* ContentView.swift */,
				E68FBCD329B9772F00BA2328 /* Assets.xcassets */,
				E68FBCD529B9772F00BA2328 /* Preview Content */,
				E68FBCF629B97C6100BA2328 /* ContentViewViewModel.swift */,
			);
			path = unitedwalls;
			sourceTree = "<group>";
		};
		E68FBCD529B9772F00BA2328 /* Preview Content */ = {
			isa = PBXGroup;
			children = (
				E68FBCD629B9772F00BA2328 /* Preview Assets.xcassets */,
			);
			path = "Preview Content";
			sourceTree = "<group>";
		};
		E68FBCDD29B9787200BA2328 /* Models */ = {
			isa = PBXGroup;
			children = (
				E68FBCDE29B9788200BA2328 /* Wall.swift */,
				E68FBCE129B978A200BA2328 /* Category.swift */,
			);
			path = Models;
			sourceTree = "<group>";
		};
		E68FBCE329B978B800BA2328 /* Utilities */ = {
			isa = PBXGroup;
			children = (
				E68FBCE429B978C800BA2328 /* Constants.swift */,
				E6923EB229C0728300EE7B8E /* PinchToZoom.swift */,
			);
			path = Utilities;
			sourceTree = "<group>";
		};
		E68FBCEA29B9796400BA2328 /* Fonts */ = {
			isa = PBXGroup;
			children = (
				E68FBCEB29B9797D00BA2328 /* billiondreams.ttf */,
			);
			path = Fonts;
			sourceTree = "<group>";
		};
		E68FBCEE29B97AE900BA2328 /* Extensions */ = {
			isa = PBXGroup;
			children = (
				E68FBCEF29B97B0700BA2328 /* Color.swift */,
				E68FBCF129B97B1B00BA2328 /* UIScreen.swift */,
				E6923E9129BB65D400EE7B8E /* View.swift */,
				E6923EA029BCA84300EE7B8E /* UIImage.swift */,
			);
			path = Extensions;
			sourceTree = "<group>";
		};
		E68FBCF329B97B3F00BA2328 /* Managers */ = {
			isa = PBXGroup;
			children = (
				E68FBCF429B97B4D00BA2328 /* ApiManager.swift */,
				E6923E9829BC424F00EE7B8E /* PhotoManager.swift */,
			);
			path = Managers;
			sourceTree = "<group>";
		};
		E68FBCF829B97CF200BA2328 /* Components */ = {
			isa = PBXGroup;
			children = (
				E68FBCF929B97D0D00BA2328 /* Drawer.swift */,
				E68FBCFB29B97F3D00BA2328 /* Topbar.swift */,
				E661A09029B9FEB900C14423 /* Container.swift */,
				E6923E9A29BC4AD400EE7B8E /* ShareSheet.swift */,
			);
			path = Components;
			sourceTree = "<group>";
		};
		E68FBCFD29B9816300BA2328 /* Screens */ = {
			isa = PBXGroup;
			children = (
				E6923EAD29BFCCB500EE7B8E /* Category */,
				E6923EAA29BFBEDC00EE7B8E /* Categories */,
				E6923EA529BF5F0B00EE7B8E /* FavouriteWalls */,
				E661A08D29B9FE4700C14423 /* About */,
				E68FBD0429B987C100BA2328 /* WallScreen */,
				E68FBCFE29B9817000BA2328 /* Home */,
			);
			path = Screens;
			sourceTree = "<group>";
		};
		E68FBCFE29B9817000BA2328 /* Home */ = {
			isa = PBXGroup;
			children = (
				E68FBCFF29B9818100BA2328 /* HomeView.swift */,
			);
			path = Home;
			sourceTree = "<group>";
		};
		E68FBD0429B987C100BA2328 /* WallScreen */ = {
			isa = PBXGroup;
			children = (
				E68FBD0529B987D800BA2328 /* WallScreenView.swift */,
				E6923EA829BFAE0C00EE7B8E /* FavouriteWallScreenView.swift */,
				E6923EB029BFD19200EE7B8E /* CategoryWallScreenView.swift */,
			);
			path = WallScreen;
			sourceTree = "<group>";
		};
		E6923EA229BF512A00EE7B8E /* DataStore */ = {
			isa = PBXGroup;
			children = (
				E6923EA329BF513D00EE7B8E /* FavouriteWallsStore.swift */,
			);
			path = DataStore;
			sourceTree = "<group>";
		};
		E6923EA529BF5F0B00EE7B8E /* FavouriteWalls */ = {
			isa = PBXGroup;
			children = (
				E6923EA629BF5F2100EE7B8E /* FavouriteWallsView.swift */,
			);
			path = FavouriteWalls;
			sourceTree = "<group>";
		};
		E6923EAA29BFBEDC00EE7B8E /* Categories */ = {
			isa = PBXGroup;
			children = (
				E6923EAB29BFBEFE00EE7B8E /* CategoriesView.swift */,
			);
			path = Categories;
			sourceTree = "<group>";
		};
		E6923EAD29BFCCB500EE7B8E /* Category */ = {
			isa = PBXGroup;
			children = (
				E6923EAE29BFCCC600EE7B8E /* CategoryView.swift */,
			);
			path = Category;
			sourceTree = "<group>";
		};
		E6FD20DB29C1E6E90058A008 /* AdvertisementViews */ = {
			isa = PBXGroup;
			children = (
				E6FD20DC29C1E7110058A008 /* SwiftUIBannerAd.swift */,
			);
			path = AdvertisementViews;
			sourceTree = "<group>";
		};
/* End PBXGroup section */

/* Begin PBXNativeTarget section */
		E68FBCCB29B9772E00BA2328 /* unitedwalls */ = {
			isa = PBXNativeTarget;
			buildConfigurationList = E68FBCDA29B9772F00BA2328 /* Build configuration list for PBXNativeTarget "unitedwalls" */;
			buildPhases = (
				E68FBCC829B9772E00BA2328 /* Sources */,
				E68FBCC929B9772E00BA2328 /* Frameworks */,
				E68FBCCA29B9772E00BA2328 /* Resources */,
				E6FD20DA29C1E5CC0058A008 /* Embed Frameworks */,
			);
			buildRules = (
			);
			dependencies = (
			);
			name = unitedwalls;
			packageProductDependencies = (
				E68FBD0229B983C500BA2328 /* SDWebImageSwiftUI */,
				E6FD20D129C1E0F70058A008 /* GoogleMobileAds */,
			);
			productName = unitedwalls;
			productReference = E68FBCCC29B9772E00BA2328 /* unitedwalls.app */;
			productType = "com.apple.product-type.application";
		};
/* End PBXNativeTarget section */

/* Begin PBXProject section */
		E68FBCC429B9772E00BA2328 /* Project object */ = {
			isa = PBXProject;
			attributes = {
				BuildIndependentTargetsInParallel = 1;
				LastSwiftUpdateCheck = 1420;
				LastUpgradeCheck = 1420;
				TargetAttributes = {
					E68FBCCB29B9772E00BA2328 = {
						CreatedOnToolsVersion = 14.2;
					};
				};
			};
			buildConfigurationList = E68FBCC729B9772E00BA2328 /* Build configuration list for PBXProject "unitedwalls" */;
			compatibilityVersion = "Xcode 14.0";
			developmentRegion = en;
			hasScannedForEncodings = 0;
			knownRegions = (
				en,
				Base,
			);
			mainGroup = E68FBCC329B9772D00BA2328;
			packageReferences = (
				E68FBD0129B983C500BA2328 /* XCRemoteSwiftPackageReference "SDWebImageSwiftUI" */,
				E6FD20D029C1E0F70058A008 /* XCRemoteSwiftPackageReference "swift-package-manager-google-mobile-ads" */,
			);
			productRefGroup = E68FBCCD29B9772E00BA2328 /* Products */;
			projectDirPath = "";
			projectRoot = "";
			targets = (
				E68FBCCB29B9772E00BA2328 /* unitedwalls */,
			);
		};
/* End PBXProject section */

/* Begin PBXResourcesBuildPhase section */
		E68FBCCA29B9772E00BA2328 /* Resources */ = {
			isa = PBXResourcesBuildPhase;
			buildActionMask = 2147483647;
			files = (
				E68FBCEC29B9797D00BA2328 /* billiondreams.ttf in Resources */,
				E68FBCD729B9772F00BA2328 /* Preview Assets.xcassets in Resources */,
				E68FBCD429B9772F00BA2328 /* Assets.xcassets in Resources */,
			);
			runOnlyForDeploymentPostprocessing = 0;
		};
/* End PBXResourcesBuildPhase section */

/* Begin PBXSourcesBuildPhase section */
		E68FBCC829B9772E00BA2328 /* Sources */ = {
			isa = PBXSourcesBuildPhase;
			buildActionMask = 2147483647;
			files = (
				E6923EA929BFAE0C00EE7B8E /* FavouriteWallScreenView.swift in Sources */,
				E661A09129B9FEB900C14423 /* Container.swift in Sources */,
				E68FBD0029B9818100BA2328 /* HomeView.swift in Sources */,
				E661A08F29B9FE6700C14423 /* AboutView.swift in Sources */,
				E68FBCF729B97C6100BA2328 /* ContentViewViewModel.swift in Sources */,
				E6923EA129BCA84300EE7B8E /* UIImage.swift in Sources */,
				E6923E9229BB65D400EE7B8E /* View.swift in Sources */,
				E6923E9929BC424F00EE7B8E /* PhotoManager.swift in Sources */,
				E6923EAC29BFBEFE00EE7B8E /* CategoriesView.swift in Sources */,
				E68FBCF529B97B4D00BA2328 /* ApiManager.swift in Sources */,
				E68FBCFA29B97D0D00BA2328 /* Drawer.swift in Sources */,
				E68FBCE529B978C800BA2328 /* Constants.swift in Sources */,
				E6923EB129BFD19200EE7B8E /* CategoryWallScreenView.swift in Sources */,
				E68FBD0629B987D800BA2328 /* WallScreenView.swift in Sources */,
				E68FBCD229B9772E00BA2328 /* ContentView.swift in Sources */,
				E6923EAF29BFCCC600EE7B8E /* CategoryView.swift in Sources */,
				E6FD20DD29C1E7110058A008 /* SwiftUIBannerAd.swift in Sources */,
				E68FBCF229B97B1B00BA2328 /* UIScreen.swift in Sources */,
				E68FBCDF29B9788200BA2328 /* Wall.swift in Sources */,
				E68FBCF029B97B0700BA2328 /* Color.swift in Sources */,
				E68FBCD029B9772E00BA2328 /* unitedwallsApp.swift in Sources */,
				E6923E9B29BC4AD400EE7B8E /* ShareSheet.swift in Sources */,
				E6923EA729BF5F2100EE7B8E /* FavouriteWallsView.swift in Sources */,
				E6923EB329C0728300EE7B8E /* PinchToZoom.swift in Sources */,
				E68FBCE229B978A200BA2328 /* Category.swift in Sources */,
				E6923EA429BF513D00EE7B8E /* FavouriteWallsStore.swift in Sources */,
				E68FBCFC29B97F3D00BA2328 /* Topbar.swift in Sources */,
			);
			runOnlyForDeploymentPostprocessing = 0;
		};
/* End PBXSourcesBuildPhase section */

/* Begin XCBuildConfiguration section */
		E68FBCD829B9772F00BA2328 /* Debug */ = {
			isa = XCBuildConfiguration;
			buildSettings = {
				ALWAYS_SEARCH_USER_PATHS = NO;
				CLANG_ANALYZER_NONNULL = YES;
				CLANG_ANALYZER_NUMBER_OBJECT_CONVERSION = YES_AGGRESSIVE;
				CLANG_CXX_LANGUAGE_STANDARD = "gnu++20";
				CLANG_ENABLE_MODULES = YES;
				CLANG_ENABLE_OBJC_ARC = YES;
				CLANG_ENABLE_OBJC_WEAK = YES;
				CLANG_WARN_BLOCK_CAPTURE_AUTORELEASING = YES;
				CLANG_WARN_BOOL_CONVERSION = YES;
				CLANG_WARN_COMMA = YES;
				CLANG_WARN_CONSTANT_CONVERSION = YES;
				CLANG_WARN_DEPRECATED_OBJC_IMPLEMENTATIONS = YES;
				CLANG_WARN_DIRECT_OBJC_ISA_USAGE = YES_ERROR;
				CLANG_WARN_DOCUMENTATION_COMMENTS = YES;
				CLANG_WARN_EMPTY_BODY = YES;
				CLANG_WARN_ENUM_CONVERSION = YES;
				CLANG_WARN_INFINITE_RECURSION = YES;
				CLANG_WARN_INT_CONVERSION = YES;
				CLANG_WARN_NON_LITERAL_NULL_CONVERSION = YES;
				CLANG_WARN_OBJC_IMPLICIT_RETAIN_SELF = YES;
				CLANG_WARN_OBJC_LITERAL_CONVERSION = YES;
				CLANG_WARN_OBJC_ROOT_CLASS = YES_ERROR;
				CLANG_WARN_QUOTED_INCLUDE_IN_FRAMEWORK_HEADER = YES;
				CLANG_WARN_RANGE_LOOP_ANALYSIS = YES;
				CLANG_WARN_STRICT_PROTOTYPES = YES;
				CLANG_WARN_SUSPICIOUS_MOVE = YES;
				CLANG_WARN_UNGUARDED_AVAILABILITY = YES_AGGRESSIVE;
				CLANG_WARN_UNREACHABLE_CODE = YES;
				CLANG_WARN__DUPLICATE_METHOD_MATCH = YES;
				COPY_PHASE_STRIP = NO;
				DEBUG_INFORMATION_FORMAT = dwarf;
				ENABLE_STRICT_OBJC_MSGSEND = YES;
				ENABLE_TESTABILITY = YES;
				GCC_C_LANGUAGE_STANDARD = gnu11;
				GCC_DYNAMIC_NO_PIC = NO;
				GCC_NO_COMMON_BLOCKS = YES;
				GCC_OPTIMIZATION_LEVEL = 0;
				GCC_PREPROCESSOR_DEFINITIONS = (
					"DEBUG=1",
					"$(inherited)",
				);
				GCC_WARN_64_TO_32_BIT_CONVERSION = YES;
				GCC_WARN_ABOUT_RETURN_TYPE = YES_ERROR;
				GCC_WARN_UNDECLARED_SELECTOR = YES;
				GCC_WARN_UNINITIALIZED_AUTOS = YES_AGGRESSIVE;
				GCC_WARN_UNUSED_FUNCTION = YES;
				GCC_WARN_UNUSED_VARIABLE = YES;
				IPHONEOS_DEPLOYMENT_TARGET = 16.2;
				MTL_ENABLE_DEBUG_INFO = INCLUDE_SOURCE;
				MTL_FAST_MATH = YES;
				ONLY_ACTIVE_ARCH = YES;
				SDKROOT = iphoneos;
				SWIFT_ACTIVE_COMPILATION_CONDITIONS = DEBUG;
				SWIFT_OPTIMIZATION_LEVEL = "-Onone";
			};
			name = Debug;
		};
		E68FBCD929B9772F00BA2328 /* Release */ = {
			isa = XCBuildConfiguration;
			buildSettings = {
				ALWAYS_SEARCH_USER_PATHS = NO;
				CLANG_ANALYZER_NONNULL = YES;
				CLANG_ANALYZER_NUMBER_OBJECT_CONVERSION = YES_AGGRESSIVE;
				CLANG_CXX_LANGUAGE_STANDARD = "gnu++20";
				CLANG_ENABLE_MODULES = YES;
				CLANG_ENABLE_OBJC_ARC = YES;
				CLANG_ENABLE_OBJC_WEAK = YES;
				CLANG_WARN_BLOCK_CAPTURE_AUTORELEASING = YES;
				CLANG_WARN_BOOL_CONVERSION = YES;
				CLANG_WARN_COMMA = YES;
				CLANG_WARN_CONSTANT_CONVERSION = YES;
				CLANG_WARN_DEPRECATED_OBJC_IMPLEMENTATIONS = YES;
				CLANG_WARN_DIRECT_OBJC_ISA_USAGE = YES_ERROR;
				CLANG_WARN_DOCUMENTATION_COMMENTS = YES;
				CLANG_WARN_EMPTY_BODY = YES;
				CLANG_WARN_ENUM_CONVERSION = YES;
				CLANG_WARN_INFINITE_RECURSION = YES;
				CLANG_WARN_INT_CONVERSION = YES;
				CLANG_WARN_NON_LITERAL_NULL_CONVERSION = YES;
				CLANG_WARN_OBJC_IMPLICIT_RETAIN_SELF = YES;
				CLANG_WARN_OBJC_LITERAL_CONVERSION = YES;
				CLANG_WARN_OBJC_ROOT_CLASS = YES_ERROR;
				CLANG_WARN_QUOTED_INCLUDE_IN_FRAMEWORK_HEADER = YES;
				CLANG_WARN_RANGE_LOOP_ANALYSIS = YES;
				CLANG_WARN_STRICT_PROTOTYPES = YES;
				CLANG_WARN_SUSPICIOUS_MOVE = YES;
				CLANG_WARN_UNGUARDED_AVAILABILITY = YES_AGGRESSIVE;
				CLANG_WARN_UNREACHABLE_CODE = YES;
				CLANG_WARN__DUPLICATE_METHOD_MATCH = YES;
				COPY_PHASE_STRIP = NO;
				DEBUG_INFORMATION_FORMAT = "dwarf-with-dsym";
				ENABLE_NS_ASSERTIONS = NO;
				ENABLE_STRICT_OBJC_MSGSEND = YES;
				GCC_C_LANGUAGE_STANDARD = gnu11;
				GCC_NO_COMMON_BLOCKS = YES;
				GCC_WARN_64_TO_32_BIT_CONVERSION = YES;
				GCC_WARN_ABOUT_RETURN_TYPE = YES_ERROR;
				GCC_WARN_UNDECLARED_SELECTOR = YES;
				GCC_WARN_UNINITIALIZED_AUTOS = YES_AGGRESSIVE;
				GCC_WARN_UNUSED_FUNCTION = YES;
				GCC_WARN_UNUSED_VARIABLE = YES;
				IPHONEOS_DEPLOYMENT_TARGET = 16.2;
				MTL_ENABLE_DEBUG_INFO = NO;
				MTL_FAST_MATH = YES;
				SDKROOT = iphoneos;
				SWIFT_COMPILATION_MODE = wholemodule;
				SWIFT_OPTIMIZATION_LEVEL = "-O";
				VALIDATE_PRODUCT = YES;
			};
			name = Release;
		};
		E68FBCDB29B9772F00BA2328 /* Debug */ = {
			isa = XCBuildConfiguration;
			buildSettings = {
				ASSETCATALOG_COMPILER_APPICON_NAME = AppIcon;
				ASSETCATALOG_COMPILER_GLOBAL_ACCENT_COLOR_NAME = AccentColor;
				CODE_SIGN_STYLE = Automatic;
				CURRENT_PROJECT_VERSION = 1;
				DEVELOPMENT_ASSET_PATHS = "\"unitedwalls/Preview Content\"";
				DEVELOPMENT_TEAM = 832L6NHFN9;
				ENABLE_PREVIEWS = YES;
				GENERATE_INFOPLIST_FILE = YES;
				INFOPLIST_FILE = unitedwalls/Info.plist;
				INFOPLIST_KEY_CFBundleDisplayName = "United Walls";
				INFOPLIST_KEY_LSApplicationCategoryType = "public.app-category.graphics-design";
				INFOPLIST_KEY_NSPhotoLibraryUsageDescription = "We need Permission to save Wallpapers to your Photo Album, make sure you allow Access to All Photos, so we can create a Separate Album with all your walls within.";
				INFOPLIST_KEY_UIApplicationSceneManifest_Generation = YES;
				INFOPLIST_KEY_UIApplicationSupportsIndirectInputEvents = YES;
				INFOPLIST_KEY_UILaunchScreen_Generation = YES;
				INFOPLIST_KEY_UISupportedInterfaceOrientations = UIInterfaceOrientationPortrait;
				INFOPLIST_KEY_UISupportedInterfaceOrientations_iPad = "UIInterfaceOrientationLandscapeLeft UIInterfaceOrientationLandscapeRight UIInterfaceOrientationPortrait UIInterfaceOrientationPortraitUpsideDown";
				IPHONEOS_DEPLOYMENT_TARGET = 14.0;
				LD_RUNPATH_SEARCH_PATHS = (
					"$(inherited)",
					"@executable_path/Frameworks",
				);
				MARKETING_VERSION = 1.0;
				OTHER_LDFLAGS = "-ObjC";
				PRODUCT_BUNDLE_IDENTIFIER = com.paraskcd.unitedwalls;
				PRODUCT_NAME = "$(TARGET_NAME)";
				SUPPORTED_PLATFORMS = "iphoneos iphonesimulator";
				SUPPORTS_MACCATALYST = NO;
				SUPPORTS_MAC_DESIGNED_FOR_IPHONE_IPAD = NO;
				SWIFT_EMIT_LOC_STRINGS = YES;
				SWIFT_VERSION = 5.0;
				TARGETED_DEVICE_FAMILY = 1;
			};
			name = Debug;
		};
		E68FBCDC29B9772F00BA2328 /* Release */ = {
			isa = XCBuildConfiguration;
			buildSettings = {
				ASSETCATALOG_COMPILER_APPICON_NAME = AppIcon;
				ASSETCATALOG_COMPILER_GLOBAL_ACCENT_COLOR_NAME = AccentColor;
				CODE_SIGN_STYLE = Automatic;
				CURRENT_PROJECT_VERSION = 1;
				DEVELOPMENT_ASSET_PATHS = "\"unitedwalls/Preview Content\"";
				DEVELOPMENT_TEAM = 832L6NHFN9;
				ENABLE_PREVIEWS = YES;
				EXCLUDED_SOURCE_FILE_NAMES = "FLEX*";
				GENERATE_INFOPLIST_FILE = YES;
				INFOPLIST_FILE = unitedwalls/Info.plist;
				INFOPLIST_KEY_CFBundleDisplayName = "United Walls";
				INFOPLIST_KEY_LSApplicationCategoryType = "public.app-category.graphics-design";
				INFOPLIST_KEY_NSPhotoLibraryUsageDescription = "We need Permission to save Wallpapers to your Photo Album, make sure you allow Access to All Photos, so we can create a Separate Album with all your walls within.";
				INFOPLIST_KEY_UIApplicationSceneManifest_Generation = YES;
				INFOPLIST_KEY_UIApplicationSupportsIndirectInputEvents = YES;
				INFOPLIST_KEY_UILaunchScreen_Generation = YES;
				INFOPLIST_KEY_UISupportedInterfaceOrientations = UIInterfaceOrientationPortrait;
				INFOPLIST_KEY_UISupportedInterfaceOrientations_iPad = "UIInterfaceOrientationLandscapeLeft UIInterfaceOrientationLandscapeRight UIInterfaceOrientationPortrait UIInterfaceOrientationPortraitUpsideDown";
				IPHONEOS_DEPLOYMENT_TARGET = 14.0;
				LD_RUNPATH_SEARCH_PATHS = (
					"$(inherited)",
					"@executable_path/Frameworks",
				);
				MARKETING_VERSION = 1.0;
				OTHER_LDFLAGS = "-ObjC";
				PRODUCT_BUNDLE_IDENTIFIER = com.paraskcd.unitedwalls;
				PRODUCT_NAME = "$(TARGET_NAME)";
				SUPPORTED_PLATFORMS = "iphoneos iphonesimulator";
				SUPPORTS_MACCATALYST = NO;
				SUPPORTS_MAC_DESIGNED_FOR_IPHONE_IPAD = NO;
				SWIFT_EMIT_LOC_STRINGS = YES;
				SWIFT_VERSION = 5.0;
				TARGETED_DEVICE_FAMILY = 1;
			};
			name = Release;
		};
/* End XCBuildConfiguration section */

/* Begin XCConfigurationList section */
		E68FBCC729B9772E00BA2328 /* Build configuration list for PBXProject "unitedwalls" */ = {
			isa = XCConfigurationList;
			buildConfigurations = (
				E68FBCD829B9772F00BA2328 /* Debug */,
				E68FBCD929B9772F00BA2328 /* Release */,
			);
			defaultConfigurationIsVisible = 0;
			defaultConfigurationName = Release;
		};
		E68FBCDA29B9772F00BA2328 /* Build configuration list for PBXNativeTarget "unitedwalls" */ = {
			isa = XCConfigurationList;
			buildConfigurations = (
				E68FBCDB29B9772F00BA2328 /* Debug */,
				E68FBCDC29B9772F00BA2328 /* Release */,
			);
			defaultConfigurationIsVisible = 0;
			defaultConfigurationName = Release;
		};
/* End XCConfigurationList section */

/* Begin XCRemoteSwiftPackageReference section */
		E68FBD0129B983C500BA2328 /* XCRemoteSwiftPackageReference "SDWebImageSwiftUI" */ = {
			isa = XCRemoteSwiftPackageReference;
			repositoryURL = "https://github.com/SDWebImage/SDWebImageSwiftUI.git";
			requirement = {
				branch = master;
				kind = branch;
			};
		};
		E6FD20D029C1E0F70058A008 /* XCRemoteSwiftPackageReference "swift-package-manager-google-mobile-ads" */ = {
			isa = XCRemoteSwiftPackageReference;
			repositoryURL = "https://github.com/googleads/swift-package-manager-google-mobile-ads.git";
			requirement = {
				kind = upToNextMajorVersion;
				minimumVersion = 9.0.0;
			};
		};
/* End XCRemoteSwiftPackageReference section */

/* Begin XCSwiftPackageProductDependency section */
		E68FBD0229B983C500BA2328 /* SDWebImageSwiftUI */ = {
			isa = XCSwiftPackageProductDependency;
			package = E68FBD0129B983C500BA2328 /* XCRemoteSwiftPackageReference "SDWebImageSwiftUI" */;
			productName = SDWebImageSwiftUI;
		};
		E6FD20D129C1E0F70058A008 /* GoogleMobileAds */ = {
			isa = XCSwiftPackageProductDependency;
			package = E6FD20D029C1E0F70058A008 /* XCRemoteSwiftPackageReference "swift-package-manager-google-mobile-ads" */;
			productName = GoogleMobileAds;
		};
/* End XCSwiftPackageProductDependency section */
	};
	rootObject = E68FBCC429B9772E00BA2328 /* Project object */;
}
